// !$*UTF8*$!
{
	archiveVersion = 1;
	classes = {
	};
	objectVersion = 46;
	objects = {

/* Begin PBXBuildFile section */
		FABC50CA1F0FCEA200C21E82 /* main.m in Sources */ = {isa = PBXBuildFile; fileRef = FABC50C91F0FCEA200C21E82 /* main.m */; };
		FABC50CD1F0FCEA200C21E82 /* AppDelegate.m in Sources */ = {isa = PBXBuildFile; fileRef = FABC50CC1F0FCEA200C21E82 /* AppDelegate.m */; };
		FABC50D01F0FCEA200C21E82 /* ViewController.m in Sources */ = {isa = PBXBuildFile; fileRef = FABC50CF1F0FCEA200C21E82 /* ViewController.m */; };
		FABC50D31F0FCEA200C21E82 /* Main.storyboard in Resources */ = {isa = PBXBuildFile; fileRef = FABC50D11F0FCEA200C21E82 /* Main.storyboard */; };
		FABC50D51F0FCEA200C21E82 /* Assets.xcassets in Resources */ = {isa = PBXBuildFile; fileRef = FABC50D41F0FCEA200C21E82 /* Assets.xcassets */; };
		FABC50D81F0FCEA200C21E82 /* LaunchScreen.storyboard in Resources */ = {isa = PBXBuildFile; fileRef = FABC50D61F0FCEA200C21E82 /* LaunchScreen.storyboard */; };
		FABC50E11F0FCED500C21E82 /* SwiftViewController.swift in Sources */ = {isa = PBXBuildFile; fileRef = FABC50E01F0FCED500C21E82 /* SwiftViewController.swift */; };
		FABC50E31F0FCFDB00C21E82 /* SwiftClasses.swift in Sources */ = {isa = PBXBuildFile; fileRef = FABC50E21F0FCFDB00C21E82 /* SwiftClasses.swift */; };
/* End PBXBuildFile section */

/* Begin PBXFileReference section */
		FABC50C51F0FCEA200C21E82 /* InteroperabilityTest.app */ = {isa = PBXFileReference; explicitFileType = wrapper.application; includeInIndex = 0; path = InteroperabilityTest.app; sourceTree = BUILT_PRODUCTS_DIR; };
		FABC50C91F0FCEA200C21E82 /* main.m */ = {isa = PBXFileReference; lastKnownFileType = sourcecode.c.objc; path = main.m; sourceTree = "<group>"; };
		FABC50CB1F0FCEA200C21E82 /* AppDelegate.h */ = {isa = PBXFileReference; lastKnownFileType = sourcecode.c.h; path = AppDelegate.h; sourceTree = "<group>"; };
		FABC50CC1F0FCEA200C21E82 /* AppDelegate.m */ = {isa = PBXFileReference; lastKnownFileType = sourcecode.c.objc; path = AppDelegate.m; sourceTree = "<group>"; };
		FABC50CE1F0FCEA200C21E82 /* ViewController.h */ = {isa = PBXFileReference; lastKnownFileType = sourcecode.c.h; path = ViewController.h; sourceTree = "<group>"; };
		FABC50CF1F0FCEA200C21E82 /* ViewController.m */ = {isa = PBXFileReference; lastKnownFileType = sourcecode.c.objc; path = ViewController.m; sourceTree = "<group>"; };
		FABC50D21F0FCEA200C21E82 /* Base */ = {isa = PBXFileReference; lastKnownFileType = file.storyboard; name = Base; path = Base.lproj/Main.storyboard; sourceTree = "<group>"; };
		FABC50D41F0FCEA200C21E82 /* Assets.xcassets */ = {isa = PBXFileReference; lastKnownFileType = folder.assetcatalog; path = Assets.xcassets; sourceTree = "<group>"; };
		FABC50D71F0FCEA200C21E82 /* Base */ = {isa = PBXFileReference; lastKnownFileType = file.storyboard; name = Base; path = Base.lproj/LaunchScreen.storyboard; sourceTree = "<group>"; };
		FABC50D91F0FCEA200C21E82 /* Info.plist */ = {isa = PBXFileReference; lastKnownFileType = text.plist.xml; path = Info.plist; sourceTree = "<group>"; };
		FABC50DF1F0FCED500C21E82 /* InteroperabilityTest-Bridging-Header.h */ = {isa = PBXFileReference; lastKnownFileType = sourcecode.c.h; path = "InteroperabilityTest-Bridging-Header.h"; sourceTree = "<group>"; };
		FABC50E01F0FCED500C21E82 /* SwiftViewController.swift */ = {isa = PBXFileReference; fileEncoding = 4; lastKnownFileType = sourcecode.swift; path = SwiftViewController.swift; sourceTree = "<group>"; };
		FABC50E21F0FCFDB00C21E82 /* SwiftClasses.swift */ = {isa = PBXFileReference; fileEncoding = 4; lastKnownFileType = sourcecode.swift; path = SwiftClasses.swift; sourceTree = "<group>"; };
/* End PBXFileReference section */

/* Begin PBXFrameworksBuildPhase section */
		FABC50C21F0FCEA200C21E82 /* Frameworks */ = {
			isa = PBXFrameworksBuildPhase;
			buildActionMask = 2147483647;
			files = (
			);
			runOnlyForDeploymentPostprocessing = 0;
		};
/* End PBXFrameworksBuildPhase section */

/* Begin PBXGroup section */
		FABC50BC1F0FCEA200C21E82 = {
			isa = PBXGroup;
			children = (
				FABC50C71F0FCEA200C21E82 /* InteroperabilityTest */,
				FABC50C61F0FCEA200C21E82 /* Products */,
			);
			sourceTree = "<group>";
		};
		FABC50C61F0FCEA200C21E82 /* Products */ = {
			isa = PBXGroup;
			children = (
				FABC50C51F0FCEA200C21E82 /* InteroperabilityTest.app */,
			);
			name = Products;
			sourceTree = "<group>";
		};
		FABC50C71F0FCEA200C21E82 /* InteroperabilityTest */ = {
			isa = PBXGroup;
			children = (
				FABC50CB1F0FCEA200C21E82 /* AppDelegate.h */,
				FABC50E01F0FCED500C21E82 /* SwiftViewController.swift */,
				FABC50CC1F0FCEA200C21E82 /* AppDelegate.m */,
				FABC50CE1F0FCEA200C21E82 /* ViewController.h */,
				FABC50CF1F0FCEA200C21E82 /* ViewController.m */,
				FABC50D11F0FCEA200C21E82 /* Main.storyboard */,
				FABC50E21F0FCFDB00C21E82 /* SwiftClasses.swift */,
				FABC50D41F0FCEA200C21E82 /* Assets.xcassets */,
				FABC50D61F0FCEA200C21E82 /* LaunchScreen.storyboard */,
				FABC50D91F0FCEA200C21E82 /* Info.plist */,
				FABC50C81F0FCEA200C21E82 /* Supporting Files */,
				FABC50DF1F0FCED500C21E82 /* InteroperabilityTest-Bridging-Header.h */,
			);
			path = InteroperabilityTest;
			sourceTree = "<group>";
		};
		FABC50C81F0FCEA200C21E82 /* Supporting Files */ = {
			isa = PBXGroup;
			children = (
				FABC50C91F0FCEA200C21E82 /* main.m */,
			);
			name = "Supporting Files";
			sourceTree = "<group>";
		};
/* End PBXGroup section */

/* Begin PBXNativeTarget section */
		FABC50C41F0FCEA200C21E82 /* InteroperabilityTest */ = {
			isa = PBXNativeTarget;
			buildConfigurationList = FABC50DC1F0FCEA300C21E82 /* Build configuration list for PBXNativeTarget "InteroperabilityTest" */;
			buildPhases = (
				FABC50C11F0FCEA200C21E82 /* Sources */,
				FABC50C21F0FCEA200C21E82 /* Frameworks */,
				FABC50C31F0FCEA200C21E82 /* Resources */,
			);
			buildRules = (
			);
			dependencies = (
			);
			name = InteroperabilityTest;
			productName = InteroperabilityTest;
			productReference = FABC50C51F0FCEA200C21E82 /* InteroperabilityTest.app */;
			productType = "com.apple.product-type.application";
		};
/* End PBXNativeTarget section */

/* Begin PBXProject section */
		FABC50BD1F0FCEA200C21E82 /* Project object */ = {
			isa = PBXProject;
			attributes = {
				LastUpgradeCheck = 0830;
				ORGANIZATIONNAME = Alex;
				TargetAttributes = {
					FABC50C41F0FCEA200C21E82 = {
						CreatedOnToolsVersion = 8.3.3;
						LastSwiftMigration = 0830;
						ProvisioningStyle = Automatic;
					};
				};
			};
			buildConfigurationList = FABC50C01F0FCEA200C21E82 /* Build configuration list for PBXProject "InteroperabilityTest" */;
			compatibilityVersion = "Xcode 3.2";
			developmentRegion = English;
			hasScannedForEncodings = 0;
			knownRegions = (
				en,
				Base,
			);
			mainGroup = FABC50BC1F0FCEA200C21E82;
			productRefGroup = FABC50C61F0FCEA200C21E82 /* Products */;
			projectDirPath = "";
			projectRoot = "";
			targets = (
				FABC50C41F0FCEA200C21E82 /* InteroperabilityTest */,
			);
		};
/* End PBXProject section */

/* Begin PBXResourcesBuildPhase section */
		FABC50C31F0FCEA200C21E82 /* Resources */ = {
			isa = PBXResourcesBuildPhase;
			buildActionMask = 2147483647;
			files = (
				FABC50D81F0FCEA200C21E82 /* LaunchScreen.storyboard in Resources */,
				FABC50D51F0FCEA200C21E82 /* Assets.xcassets in Resources */,
				FABC50D31F0FCEA200C21E82 /* Main.storyboard in Resources */,
			);
			runOnlyForDeploymentPostprocessing = 0;
		};
/* End PBXResourcesBuildPhase section */

/* Begin PBXSourcesBuildPhase section */
		FABC50C11F0FCEA200C21E82 /* Sources */ = {
			isa = PBXSourcesBuildPhase;
			buildActionMask = 2147483647;
			files = (
				FABC50E31F0FCFDB00C21E82 /* SwiftClasses.swift in Sources */,
				FABC50E11F0FCED500C21E82 /* SwiftViewController.swift in Sources */,
				FABC50D01F0FCEA200C21E82 /* ViewController.m in Sources */,
				FABC50CD1F0FCEA200C21E82 /* AppDelegate.m in Sources */,
				FABC50CA1F0FCEA200C21E82 /* main.m in Sources */,
			);
			runOnlyForDeploymentPostprocessing = 0;
		};
/* End PBXSourcesBuildPhase section */

/* Begin PBXVariantGroup section */
		FABC50D11F0FCEA200C21E82 /* Main.storyboard */ = {
			isa = PBXVariantGroup;
			children = (
				FABC50D21F0FCEA200C21E82 /* Base */,
			);
			name = Main.storyboard;
			sourceTree = "<group>";
		};
		FABC50D61F0FCEA200C21E82 /* LaunchScreen.storyboard */ = {
			isa = PBXVariantGroup;
			children = (
				FABC50D71F0FCEA200C21E82 /* Base */,
			);
			name = LaunchScreen.storyboard;
			sourceTree = "<group>";
		};
/* End PBXVariantGroup section */

/* Begin XCBuildConfiguration section */
		FABC50DA1F0FCEA300C21E82 /* Debug */ = {
			isa = XCBuildConfiguration;
			buildSettings = {
				ALWAYS_SEARCH_USER_PATHS = NO;
				CLANG_ANALYZER_NONNULL = YES;
				CLANG_ANALYZER_NUMBER_OBJECT_CONVERSION = YES_AGGRESSIVE;
				CLANG_CXX_LANGUAGE_STANDARD = "gnu++0x";
				CLANG_CXX_LIBRARY = "libc++";
				CLANG_ENABLE_MODULES = YES;
				CLANG_ENABLE_OBJC_ARC = YES;
				CLANG_WARN_BOOL_CONVERSION = YES;
				CLANG_WARN_CONSTANT_CONVERSION = YES;
				CLANG_WARN_DIRECT_OBJC_ISA_USAGE = YES_ERROR;
				CLANG_WARN_DOCUMENTATION_COMMENTS = YES;
				CLANG_WARN_EMPTY_BODY = YES;
				CLANG_WARN_ENUM_CONVERSION = YES;
				CLANG_WARN_INFINITE_RECURSION = YES;
				CLANG_WARN_INT_CONVERSION = YES;
				CLANG_WARN_OBJC_ROOT_CLASS = YES_ERROR;
				CLANG_WARN_SUSPICIOUS_MOVE = YES;
				CLANG_WARN_UNREACHABLE_CODE = YES;
				CLANG_WARN__DUPLICATE_METHOD_MATCH = YES;
				"CODE_SIGN_IDENTITY[sdk=iphoneos*]" = "iPhone Developer";
				COPY_PHASE_STRIP = NO;
				DEBUG_INFORMATION_FORMAT = dwarf;
				ENABLE_STRICT_OBJC_MSGSEND = YES;
				ENABLE_TESTABILITY = YES;
				GCC_C_LANGUAGE_STANDARD = gnu99;
				GCC_DYNAMIC_NO_PIC = NO;
				GCC_NO_COMMON_BLOCKS = YES;
				GCC_OPTIMIZATION_LEVEL = 0;
				GCC_PREPROCESSOR_DEFINITIONS = (
					"DEBUG=1",
					"$(inherited)",
				);
				GCC_WARN_64_TO_32_BIT_CONVERSION = YES;
				GCC_WARN_ABOUT_RETURN_TYPE = YES_ERROR;
				GCC_WARN_UNDECLARED_SELECTOR = YES;
				GCC_WARN_UNINITIALIZED_AUTOS = YES_AGGRESSIVE;
				GCC_WARN_UNUSED_FUNCTION = YES;
				GCC_WARN_UNUSED_VARIABLE = YES;
				IPHONEOS_DEPLOYMENT_TARGET = 10.3;
				MTL_ENABLE_DEBUG_INFO = YES;
				ONLY_ACTIVE_ARCH = YES;
				SDKROOT = iphoneos;
				TARGETED_DEVICE_FAMILY = "1,2";
			};
			name = Debug;
		};
		FABC50DB1F0FCEA300C21E82 /* Release */ = {
			isa = XCBuildConfiguration;
			buildSettings = {
				ALWAYS_SEARCH_USER_PATHS = NO;
				CLANG_ANALYZER_NONNULL = YES;
				CLANG_ANALYZER_NUMBER_OBJECT_CONVERSION = YES_AGGRESSIVE;
				CLANG_CXX_LANGUAGE_STANDARD = "gnu++0x";
				CLANG_CXX_LIBRARY = "libc++";
				CLANG_ENABLE_MODULES = YES;
				CLANG_ENABLE_OBJC_ARC = YES;
				CLANG_WARN_BOOL_CONVERSION = YES;
				CLANG_WARN_CONSTANT_CONVERSION = YES;
				CLANG_WARN_DIRECT_OBJC_ISA_USAGE = YES_ERROR;
				CLANG_WARN_DOCUMENTATION_COMMENTS = YES;
				CLANG_WARN_EMPTY_BODY = YES;
				CLANG_WARN_ENUM_CONVERSION = YES;
				CLANG_WARN_INFINITE_RECURSION = YES;
				CLANG_WARN_INT_CONVERSION = YES;
				CLANG_WARN_OBJC_ROOT_CLASS = YES_ERROR;
				CLANG_WARN_SUSPICIOUS_MOVE = YES;
				CLANG_WARN_UNREACHABLE_CODE = YES;
				CLANG_WARN__DUPLICATE_METHOD_MATCH = YES;
				"CODE_SIGN_IDENTITY[sdk=iphoneos*]" = "iPhone Developer";
				COPY_PHASE_STRIP = NO;
				DEBUG_INFORMATION_FORMAT = "dwarf-with-dsym";
				ENABLE_NS_ASSERTIONS = NO;
				ENABLE_STRICT_OBJC_MSGSEND = YES;
				GCC_C_LANGUAGE_STANDARD = gnu99;
				GCC_NO_COMMON_BLOCKS = YES;
				GCC_WARN_64_TO_32_BIT_CONVERSION = YES;
				GCC_WARN_ABOUT_RETURN_TYPE = YES_ERROR;
				GCC_WARN_UNDECLARED_SELECTOR = YES;
				GCC_WARN_UNINITIALIZED_AUTOS = YES_AGGRESSIVE;
				GCC_WARN_UNUSED_FUNCTION = YES;
				GCC_WARN_UNUSED_VARIABLE = YES;
				IPHONEOS_DEPLOYMENT_TARGET = 10.3;
				MTL_ENABLE_DEBUG_INFO = NO;
				SDKROOT = iphoneos;
				TARGETED_DEVICE_FAMILY = "1,2";
				VALIDATE_PRODUCT = YES;
			};
			name = Release;
		};
		FABC50DD1F0FCEA300C21E82 /* Debug */ = {
			isa = XCBuildConfiguration;
			buildSettings = {
				ASSETCATALOG_COMPILER_APPICON_NAME = AppIcon;
				CLANG_ENABLE_MODULES = YES;
				INFOPLIST_FILE = InteroperabilityTest/Info.plist;
				LD_RUNPATH_SEARCH_PATHS = "$(inherited) @executable_path/Frameworks";
				PRODUCT_BUNDLE_IDENTIFIER = com.goloskok.InteroperabilityTest;
				PRODUCT_NAME = "$(TARGET_NAME)";
				SWIFT_OBJC_BRIDGING_HEADER = "InteroperabilityTest/InteroperabilityTest-Bridging-Header.h";
				SWIFT_OPTIMIZATION_LEVEL = "-Onone";
				SWIFT_VERSION = 3.0;
			};
			name = Debug;
		};
		FABC50DE1F0FCEA300C21E82 /* Release */ = {
			isa = XCBuildConfiguration;
			buildSettings = {
				ASSETCATALOG_COMPILER_APPICON_NAME = AppIcon;
				CLANG_ENABLE_MODULES = YES;
				INFOPLIST_FILE = InteroperabilityTest/Info.plist;
				LD_RUNPATH_SEARCH_PATHS = "$(inherited) @executable_path/Frameworks";
				PRODUCT_BUNDLE_IDENTIFIER = com.goloskok.InteroperabilityTest;
				PRODUCT_NAME = "$(TARGET_NAME)";
				SWIFT_OBJC_BRIDGING_HEADER = "InteroperabilityTest/InteroperabilityTest-Bridging-Header.h";
				SWIFT_VERSION = 3.0;
			};
			name = Release;
		};
/* End XCBuildConfiguration section */

/* Begin XCConfigurationList section */
		FABC50C01F0FCEA200C21E82 /* Build configuration list for PBXProject "InteroperabilityTest" */ = {
			isa = XCConfigurationList;
			buildConfigurations = (
				FABC50DA1F0FCEA300C21E82 /* Debug */,
				FABC50DB1F0FCEA300C21E82 /* Release */,
			);
			defaultConfigurationIsVisible = 0;
			defaultConfigurationName = Release;
		};
		FABC50DC1F0FCEA300C21E82 /* Build configuration list for PBXNativeTarget "InteroperabilityTest" */ = {
			isa = XCConfigurationList;
			buildConfigurations = (
				FABC50DD1F0FCEA300C21E82 /* Debug */,
				FABC50DE1F0FCEA300C21E82 /* Release */,
			);
			defaultConfigurationIsVisible = 0;
		};
/* End XCConfigurationList section */
	};
	rootObject = FABC50BD1F0FCEA200C21E82 /* Project object */;
}
